// !$*UTF8*$!
{
	archiveVersion = 1;
	classes = {
	};
	objectVersion = 50;
	objects = {

/* Begin PBXBuildFile section */
		2132D5172703B3B400C5039D /* CellState.swift in Sources */ = {isa = PBXBuildFile; fileRef = 2132D5162703B3B400C5039D /* CellState.swift */; };
		2132D51F2703B5D700C5039D /* Cell.swift in Sources */ = {isa = PBXBuildFile; fileRef = 2132D51E2703B5D700C5039D /* Cell.swift */; };
		5F82982726F142E900FAC491 /* proyecto_xApp.swift in Sources */ = {isa = PBXBuildFile; fileRef = 5F82982626F142E900FAC491 /* proyecto_xApp.swift */; };
		5F82982926F142E900FAC491 /* ContentView.swift in Sources */ = {isa = PBXBuildFile; fileRef = 5F82982826F142E900FAC491 /* ContentView.swift */; };
		5F82982B26F142EA00FAC491 /* Assets.xcassets in Resources */ = {isa = PBXBuildFile; fileRef = 5F82982A26F142EA00FAC491 /* Assets.xcassets */; };
		5F82982E26F142EA00FAC491 /* Preview Assets.xcassets in Resources */ = {isa = PBXBuildFile; fileRef = 5F82982D26F142EA00FAC491 /* Preview Assets.xcassets */; };
		5F82983926F142EA00FAC491 /* proyecto_xTests.swift in Sources */ = {isa = PBXBuildFile; fileRef = 5F82983826F142EA00FAC491 /* proyecto_xTests.swift */; };
		5F82984426F142EA00FAC491 /* proyecto_xUITests.swift in Sources */ = {isa = PBXBuildFile; fileRef = 5F82984326F142EA00FAC491 /* proyecto_xUITests.swift */; };
/* End PBXBuildFile section */

/* Begin PBXContainerItemProxy section */
		5F82983526F142EA00FAC491 /* PBXContainerItemProxy */ = {
			isa = PBXContainerItemProxy;
			containerPortal = 5F82981B26F142E900FAC491 /* Project object */;
			proxyType = 1;
			remoteGlobalIDString = 5F82982226F142E900FAC491;
			remoteInfo = "proyecto-x";
		};
		5F82984026F142EA00FAC491 /* PBXContainerItemProxy */ = {
			isa = PBXContainerItemProxy;
			containerPortal = 5F82981B26F142E900FAC491 /* Project object */;
			proxyType = 1;
			remoteGlobalIDString = 5F82982226F142E900FAC491;
			remoteInfo = "proyecto-x";
		};
/* End PBXContainerItemProxy section */

/* Begin PBXFileReference section */
		2132D5162703B3B400C5039D /* CellState.swift */ = {isa = PBXFileReference; lastKnownFileType = sourcecode.swift; path = CellState.swift; sourceTree = "<group>"; };
		2132D51E2703B5D700C5039D /* Cell.swift */ = {isa = PBXFileReference; lastKnownFileType = sourcecode.swift; path = Cell.swift; sourceTree = "<group>"; };
		5F82982326F142E900FAC491 /* proyecto-x.app */ = {isa = PBXFileReference; explicitFileType = wrapper.application; includeInIndex = 0; path = "proyecto-x.app"; sourceTree = BUILT_PRODUCTS_DIR; };
		5F82982626F142E900FAC491 /* proyecto_xApp.swift */ = {isa = PBXFileReference; lastKnownFileType = sourcecode.swift; path = proyecto_xApp.swift; sourceTree = "<group>"; };
		5F82982826F142E900FAC491 /* ContentView.swift */ = {isa = PBXFileReference; lastKnownFileType = sourcecode.swift; path = ContentView.swift; sourceTree = "<group>"; };
		5F82982A26F142EA00FAC491 /* Assets.xcassets */ = {isa = PBXFileReference; lastKnownFileType = folder.assetcatalog; path = Assets.xcassets; sourceTree = "<group>"; };
		5F82982D26F142EA00FAC491 /* Preview Assets.xcassets */ = {isa = PBXFileReference; lastKnownFileType = folder.assetcatalog; path = "Preview Assets.xcassets"; sourceTree = "<group>"; };
		5F82982F26F142EA00FAC491 /* Info.plist */ = {isa = PBXFileReference; lastKnownFileType = text.plist.xml; path = Info.plist; sourceTree = "<group>"; };
		5F82983426F142EA00FAC491 /* proyecto-xTests.xctest */ = {isa = PBXFileReference; explicitFileType = wrapper.cfbundle; includeInIndex = 0; path = "proyecto-xTests.xctest"; sourceTree = BUILT_PRODUCTS_DIR; };
		5F82983826F142EA00FAC491 /* proyecto_xTests.swift */ = {isa = PBXFileReference; lastKnownFileType = sourcecode.swift; path = proyecto_xTests.swift; sourceTree = "<group>"; };
		5F82983A26F142EA00FAC491 /* Info.plist */ = {isa = PBXFileReference; lastKnownFileType = text.plist.xml; path = Info.plist; sourceTree = "<group>"; };
		5F82983F26F142EA00FAC491 /* proyecto-xUITests.xctest */ = {isa = PBXFileReference; explicitFileType = wrapper.cfbundle; includeInIndex = 0; path = "proyecto-xUITests.xctest"; sourceTree = BUILT_PRODUCTS_DIR; };
		5F82984326F142EA00FAC491 /* proyecto_xUITests.swift */ = {isa = PBXFileReference; lastKnownFileType = sourcecode.swift; path = proyecto_xUITests.swift; sourceTree = "<group>"; };
		5F82984526F142EA00FAC491 /* Info.plist */ = {isa = PBXFileReference; lastKnownFileType = text.plist.xml; path = Info.plist; sourceTree = "<group>"; };
/* End PBXFileReference section */

/* Begin PBXFrameworksBuildPhase section */
		5F82982026F142E900FAC491 /* Frameworks */ = {
			isa = PBXFrameworksBuildPhase;
			buildActionMask = 2147483647;
			files = (
			);
			runOnlyForDeploymentPostprocessing = 0;
		};
		5F82983126F142EA00FAC491 /* Frameworks */ = {
			isa = PBXFrameworksBuildPhase;
			buildActionMask = 2147483647;
			files = (
			);
			runOnlyForDeploymentPostprocessing = 0;
		};
		5F82983C26F142EA00FAC491 /* Frameworks */ = {
			isa = PBXFrameworksBuildPhase;
			buildActionMask = 2147483647;
			files = (
			);
			runOnlyForDeploymentPostprocessing = 0;
		};
/* End PBXFrameworksBuildPhase section */

/* Begin PBXGroup section */
		5F82981A26F142E900FAC491 = {
			isa = PBXGroup;
			children = (
				5F82982526F142E900FAC491 /* proyecto-x */,
				5F82983726F142EA00FAC491 /* proyecto-xTests */,
				5F82984226F142EA00FAC491 /* proyecto-xUITests */,
				5F82982426F142E900FAC491 /* Products */,
			);
			sourceTree = "<group>";
		};
		5F82982426F142E900FAC491 /* Products */ = {
			isa = PBXGroup;
			children = (
				5F82982326F142E900FAC491 /* proyecto-x.app */,
				5F82983426F142EA00FAC491 /* proyecto-xTests.xctest */,
				5F82983F26F142EA00FAC491 /* proyecto-xUITests.xctest */,
			);
			name = Products;
			sourceTree = "<group>";
		};
		5F82982526F142E900FAC491 /* proyecto-x */ = {
			isa = PBXGroup;
			children = (
				5F82982626F142E900FAC491 /* proyecto_xApp.swift */,
				5F82982826F142E900FAC491 /* ContentView.swift */,
				5F82982A26F142EA00FAC491 /* Assets.xcassets */,
				5F82982F26F142EA00FAC491 /* Info.plist */,
				5F82982C26F142EA00FAC491 /* Preview Content */,
				2132D5162703B3B400C5039D /* CellState.swift */,
				2132D51E2703B5D700C5039D /* Cell.swift */,
			);
			path = "proyecto-x";
			sourceTree = "<group>";
		};
		5F82982C26F142EA00FAC491 /* Preview Content */ = {
			isa = PBXGroup;
			children = (
				5F82982D26F142EA00FAC491 /* Preview Assets.xcassets */,
			);
			path = "Preview Content";
			sourceTree = "<group>";
		};
		5F82983726F142EA00FAC491 /* proyecto-xTests */ = {
			isa = PBXGroup;
			children = (
				5F82983826F142EA00FAC491 /* proyecto_xTests.swift */,
				5F82983A26F142EA00FAC491 /* Info.plist */,
			);
			path = "proyecto-xTests";
			sourceTree = "<group>";
		};
		5F82984226F142EA00FAC491 /* proyecto-xUITests */ = {
			isa = PBXGroup;
			children = (
				5F82984326F142EA00FAC491 /* proyecto_xUITests.swift */,
				5F82984526F142EA00FAC491 /* Info.plist */,
			);
			path = "proyecto-xUITests";
			sourceTree = "<group>";
		};
/* End PBXGroup section */

/* Begin PBXNativeTarget section */
		5F82982226F142E900FAC491 /* proyecto-x */ = {
			isa = PBXNativeTarget;
			buildConfigurationList = 5F82984826F142EA00FAC491 /* Build configuration list for PBXNativeTarget "proyecto-x" */;
			buildPhases = (
				5F82981F26F142E900FAC491 /* Sources */,
				5F82982026F142E900FAC491 /* Frameworks */,
				5F82982126F142E900FAC491 /* Resources */,
			);
			buildRules = (
			);
			dependencies = (
			);
			name = "proyecto-x";
			productName = "proyecto-x";
			productReference = 5F82982326F142E900FAC491 /* proyecto-x.app */;
			productType = "com.apple.product-type.application";
		};
		5F82983326F142EA00FAC491 /* proyecto-xTests */ = {
			isa = PBXNativeTarget;
			buildConfigurationList = 5F82984B26F142EA00FAC491 /* Build configuration list for PBXNativeTarget "proyecto-xTests" */;
			buildPhases = (
				5F82983026F142EA00FAC491 /* Sources */,
				5F82983126F142EA00FAC491 /* Frameworks */,
				5F82983226F142EA00FAC491 /* Resources */,
			);
			buildRules = (
			);
			dependencies = (
				5F82983626F142EA00FAC491 /* PBXTargetDependency */,
			);
			name = "proyecto-xTests";
			productName = "proyecto-xTests";
			productReference = 5F82983426F142EA00FAC491 /* proyecto-xTests.xctest */;
			productType = "com.apple.product-type.bundle.unit-test";
		};
		5F82983E26F142EA00FAC491 /* proyecto-xUITests */ = {
			isa = PBXNativeTarget;
			buildConfigurationList = 5F82984E26F142EA00FAC491 /* Build configuration list for PBXNativeTarget "proyecto-xUITests" */;
			buildPhases = (
				5F82983B26F142EA00FAC491 /* Sources */,
				5F82983C26F142EA00FAC491 /* Frameworks */,
				5F82983D26F142EA00FAC491 /* Resources */,
			);
			buildRules = (
			);
			dependencies = (
				5F82984126F142EA00FAC491 /* PBXTargetDependency */,
			);
			name = "proyecto-xUITests";
			productName = "proyecto-xUITests";
			productReference = 5F82983F26F142EA00FAC491 /* proyecto-xUITests.xctest */;
			productType = "com.apple.product-type.bundle.ui-testing";
		};
/* End PBXNativeTarget section */

/* Begin PBXProject section */
		5F82981B26F142E900FAC491 /* Project object */ = {
			isa = PBXProject;
			attributes = {
				LastSwiftUpdateCheck = 1240;
				LastUpgradeCheck = 1240;
				TargetAttributes = {
					5F82982226F142E900FAC491 = {
						CreatedOnToolsVersion = 12.4;
					};
					5F82983326F142EA00FAC491 = {
						CreatedOnToolsVersion = 12.4;
						TestTargetID = 5F82982226F142E900FAC491;
					};
					5F82983E26F142EA00FAC491 = {
						CreatedOnToolsVersion = 12.4;
						TestTargetID = 5F82982226F142E900FAC491;
					};
				};
			};
			buildConfigurationList = 5F82981E26F142E900FAC491 /* Build configuration list for PBXProject "proyecto-x" */;
			compatibilityVersion = "Xcode 9.3";
			developmentRegion = en;
			hasScannedForEncodings = 0;
			knownRegions = (
				en,
				Base,
			);
			mainGroup = 5F82981A26F142E900FAC491;
			productRefGroup = 5F82982426F142E900FAC491 /* Products */;
			projectDirPath = "";
			projectRoot = "";
			targets = (
				5F82982226F142E900FAC491 /* proyecto-x */,
				5F82983326F142EA00FAC491 /* proyecto-xTests */,
				5F82983E26F142EA00FAC491 /* proyecto-xUITests */,
			);
		};
/* End PBXProject section */

/* Begin PBXResourcesBuildPhase section */
		5F82982126F142E900FAC491 /* Resources */ = {
			isa = PBXResourcesBuildPhase;
			buildActionMask = 2147483647;
			files = (
				5F82982E26F142EA00FAC491 /* Preview Assets.xcassets in Resources */,
				5F82982B26F142EA00FAC491 /* Assets.xcassets in Resources */,
			);
			runOnlyForDeploymentPostprocessing = 0;
		};
		5F82983226F142EA00FAC491 /* Resources */ = {
			isa = PBXResourcesBuildPhase;
			buildActionMask = 2147483647;
			files = (
			);
			runOnlyForDeploymentPostprocessing = 0;
		};
		5F82983D26F142EA00FAC491 /* Resources */ = {
			isa = PBXResourcesBuildPhase;
			buildActionMask = 2147483647;
			files = (
			);
			runOnlyForDeploymentPostprocessing = 0;
		};
/* End PBXResourcesBuildPhase section */

/* Begin PBXSourcesBuildPhase section */
		5F82981F26F142E900FAC491 /* Sources */ = {
			isa = PBXSourcesBuildPhase;
			buildActionMask = 2147483647;
			files = (
				5F82982926F142E900FAC491 /* ContentView.swift in Sources */,
				2132D51F2703B5D700C5039D /* Cell.swift in Sources */,
				5F82982726F142E900FAC491 /* proyecto_xApp.swift in Sources */,
				2132D5172703B3B400C5039D /* CellState.swift in Sources */,
			);
			runOnlyForDeploymentPostprocessing = 0;
		};
		5F82983026F142EA00FAC491 /* Sources */ = {
			isa = PBXSourcesBuildPhase;
			buildActionMask = 2147483647;
			files = (
				5F82983926F142EA00FAC491 /* proyecto_xTests.swift in Sources */,
			);
			runOnlyForDeploymentPostprocessing = 0;
		};
		5F82983B26F142EA00FAC491 /* Sources */ = {
			isa = PBXSourcesBuildPhase;
			buildActionMask = 2147483647;
			files = (
				5F82984426F142EA00FAC491 /* proyecto_xUITests.swift in Sources */,
			);
			runOnlyForDeploymentPostprocessing = 0;
		};
/* End PBXSourcesBuildPhase section */

/* Begin PBXTargetDependency section */
		5F82983626F142EA00FAC491 /* PBXTargetDependency */ = {
			isa = PBXTargetDependency;
			target = 5F82982226F142E900FAC491 /* proyecto-x */;
			targetProxy = 5F82983526F142EA00FAC491 /* PBXContainerItemProxy */;
		};
		5F82984126F142EA00FAC491 /* PBXTargetDependency */ = {
			isa = PBXTargetDependency;
			target = 5F82982226F142E900FAC491 /* proyecto-x */;
			targetProxy = 5F82984026F142EA00FAC491 /* PBXContainerItemProxy */;
		};
/* End PBXTargetDependency section */

/* Begin XCBuildConfiguration section */
		5F82984626F142EA00FAC491 /* Debug */ = {
			isa = XCBuildConfiguration;
			buildSettings = {
				ALWAYS_SEARCH_USER_PATHS = NO;
				CLANG_ANALYZER_NONNULL = YES;
				CLANG_ANALYZER_NUMBER_OBJECT_CONVERSION = YES_AGGRESSIVE;
				CLANG_CXX_LANGUAGE_STANDARD = "gnu++14";
				CLANG_CXX_LIBRARY = "libc++";
				CLANG_ENABLE_MODULES = YES;
				CLANG_ENABLE_OBJC_ARC = YES;
				CLANG_ENABLE_OBJC_WEAK = YES;
				CLANG_WARN_BLOCK_CAPTURE_AUTORELEASING = YES;
				CLANG_WARN_BOOL_CONVERSION = YES;
				CLANG_WARN_COMMA = YES;
				CLANG_WARN_CONSTANT_CONVERSION = YES;
				CLANG_WARN_DEPRECATED_OBJC_IMPLEMENTATIONS = YES;
				CLANG_WARN_DIRECT_OBJC_ISA_USAGE = YES_ERROR;
				CLANG_WARN_DOCUMENTATION_COMMENTS = YES;
				CLANG_WARN_EMPTY_BODY = YES;
				CLANG_WARN_ENUM_CONVERSION = YES;
				CLANG_WARN_INFINITE_RECURSION = YES;
				CLANG_WARN_INT_CONVERSION = YES;
				CLANG_WARN_NON_LITERAL_NULL_CONVERSION = YES;
				CLANG_WARN_OBJC_IMPLICIT_RETAIN_SELF = YES;
				CLANG_WARN_OBJC_LITERAL_CONVERSION = YES;
				CLANG_WARN_OBJC_ROOT_CLASS = YES_ERROR;
				CLANG_WARN_QUOTED_INCLUDE_IN_FRAMEWORK_HEADER = YES;
				CLANG_WARN_RANGE_LOOP_ANALYSIS = YES;
				CLANG_WARN_STRICT_PROTOTYPES = YES;
				CLANG_WARN_SUSPICIOUS_MOVE = YES;
				CLANG_WARN_UNGUARDED_AVAILABILITY = YES_AGGRESSIVE;
				CLANG_WARN_UNREACHABLE_CODE = YES;
				CLANG_WARN__DUPLICATE_METHOD_MATCH = YES;
				COPY_PHASE_STRIP = NO;
				DEBUG_INFORMATION_FORMAT = dwarf;
				ENABLE_STRICT_OBJC_MSGSEND = YES;
				ENABLE_TESTABILITY = YES;
				GCC_C_LANGUAGE_STANDARD = gnu11;
				GCC_DYNAMIC_NO_PIC = NO;
				GCC_NO_COMMON_BLOCKS = YES;
				GCC_OPTIMIZATION_LEVEL = 0;
				GCC_PREPROCESSOR_DEFINITIONS = (
					"DEBUG=1",
					"$(inherited)",
				);
				GCC_WARN_64_TO_32_BIT_CONVERSION = YES;
				GCC_WARN_ABOUT_RETURN_TYPE = YES_ERROR;
				GCC_WARN_UNDECLARED_SELECTOR = YES;
				GCC_WARN_UNINITIALIZED_AUTOS = YES_AGGRESSIVE;
				GCC_WARN_UNUSED_FUNCTION = YES;
				GCC_WARN_UNUSED_VARIABLE = YES;
				IPHONEOS_DEPLOYMENT_TARGET = 14.4;
				MTL_ENABLE_DEBUG_INFO = INCLUDE_SOURCE;
				MTL_FAST_MATH = YES;
				ONLY_ACTIVE_ARCH = YES;
				SDKROOT = iphoneos;
				SWIFT_ACTIVE_COMPILATION_CONDITIONS = DEBUG;
				SWIFT_OPTIMIZATION_LEVEL = "-Onone";
			};
			name = Debug;
		};
		5F82984726F142EA00FAC491 /* Release */ = {
			isa = XCBuildConfiguration;
			buildSettings = {
				ALWAYS_SEARCH_USER_PATHS = NO;
				CLANG_ANALYZER_NONNULL = YES;
				CLANG_ANALYZER_NUMBER_OBJECT_CONVERSION = YES_AGGRESSIVE;
				CLANG_CXX_LANGUAGE_STANDARD = "gnu++14";
				CLANG_CXX_LIBRARY = "libc++";
				CLANG_ENABLE_MODULES = YES;
				CLANG_ENABLE_OBJC_ARC = YES;
				CLANG_ENABLE_OBJC_WEAK = YES;
				CLANG_WARN_BLOCK_CAPTURE_AUTORELEASING = YES;
				CLANG_WARN_BOOL_CONVERSION = YES;
				CLANG_WARN_COMMA = YES;
				CLANG_WARN_CONSTANT_CONVERSION = YES;
				CLANG_WARN_DEPRECATED_OBJC_IMPLEMENTATIONS = YES;
				CLANG_WARN_DIRECT_OBJC_ISA_USAGE = YES_ERROR;
				CLANG_WARN_DOCUMENTATION_COMMENTS = YES;
				CLANG_WARN_EMPTY_BODY = YES;
				CLANG_WARN_ENUM_CONVERSION = YES;
				CLANG_WARN_INFINITE_RECURSION = YES;
				CLANG_WARN_INT_CONVERSION = YES;
				CLANG_WARN_NON_LITERAL_NULL_CONVERSION = YES;
				CLANG_WARN_OBJC_IMPLICIT_RETAIN_SELF = YES;
				CLANG_WARN_OBJC_LITERAL_CONVERSION = YES;
				CLANG_WARN_OBJC_ROOT_CLASS = YES_ERROR;
				CLANG_WARN_QUOTED_INCLUDE_IN_FRAMEWORK_HEADER = YES;
				CLANG_WARN_RANGE_LOOP_ANALYSIS = YES;
				CLANG_WARN_STRICT_PROTOTYPES = YES;
				CLANG_WARN_SUSPICIOUS_MOVE = YES;
				CLANG_WARN_UNGUARDED_AVAILABILITY = YES_AGGRESSIVE;
				CLANG_WARN_UNREACHABLE_CODE = YES;
				CLANG_WARN__DUPLICATE_METHOD_MATCH = YES;
				COPY_PHASE_STRIP = NO;
				DEBUG_INFORMATION_FORMAT = "dwarf-with-dsym";
				ENABLE_NS_ASSERTIONS = NO;
				ENABLE_STRICT_OBJC_MSGSEND = YES;
				GCC_C_LANGUAGE_STANDARD = gnu11;
				GCC_NO_COMMON_BLOCKS = YES;
				GCC_WARN_64_TO_32_BIT_CONVERSION = YES;
				GCC_WARN_ABOUT_RETURN_TYPE = YES_ERROR;
				GCC_WARN_UNDECLARED_SELECTOR = YES;
				GCC_WARN_UNINITIALIZED_AUTOS = YES_AGGRESSIVE;
				GCC_WARN_UNUSED_FUNCTION = YES;
				GCC_WARN_UNUSED_VARIABLE = YES;
				IPHONEOS_DEPLOYMENT_TARGET = 14.4;
				MTL_ENABLE_DEBUG_INFO = NO;
				MTL_FAST_MATH = YES;
				SDKROOT = iphoneos;
				SWIFT_COMPILATION_MODE = wholemodule;
				SWIFT_OPTIMIZATION_LEVEL = "-O";
				VALIDATE_PRODUCT = YES;
			};
			name = Release;
		};
		5F82984926F142EA00FAC491 /* Debug */ = {
			isa = XCBuildConfiguration;
			buildSettings = {
				ASSETCATALOG_COMPILER_APPICON_NAME = AppIcon;
				ASSETCATALOG_COMPILER_GLOBAL_ACCENT_COLOR_NAME = AccentColor;
				CODE_SIGN_STYLE = Automatic;
				DEVELOPMENT_ASSET_PATHS = "\"proyecto-x/Preview Content\"";
				ENABLE_PREVIEWS = YES;
				INFOPLIST_FILE = "proyecto-x/Info.plist";
				IPHONEOS_DEPLOYMENT_TARGET = 14.0;
				LD_RUNPATH_SEARCH_PATHS = (
					"$(inherited)",
					"@executable_path/Frameworks",
				);
				PRODUCT_BUNDLE_IDENTIFIER = "com.proyectox.proyecto-x";
				PRODUCT_NAME = "$(TARGET_NAME)";
				SWIFT_VERSION = 5.0;
				TARGETED_DEVICE_FAMILY = "1,2";
			};
			name = Debug;
		};
		5F82984A26F142EA00FAC491 /* Release */ = {
			isa = XCBuildConfiguration;
			buildSettings = {
				ASSETCATALOG_COMPILER_APPICON_NAME = AppIcon;
				ASSETCATALOG_COMPILER_GLOBAL_ACCENT_COLOR_NAME = AccentColor;
				CODE_SIGN_STYLE = Automatic;
				DEVELOPMENT_ASSET_PATHS = "\"proyecto-x/Preview Content\"";
				ENABLE_PREVIEWS = YES;
				INFOPLIST_FILE = "proyecto-x/Info.plist";
				IPHONEOS_DEPLOYMENT_TARGET = 14.0;
				LD_RUNPATH_SEARCH_PATHS = (
					"$(inherited)",
					"@executable_path/Frameworks",
				);
				PRODUCT_BUNDLE_IDENTIFIER = "com.proyectox.proyecto-x";
				PRODUCT_NAME = "$(TARGET_NAME)";
				SWIFT_VERSION = 5.0;
				TARGETED_DEVICE_FAMILY = "1,2";
			};
			name = Release;
		};
		5F82984C26F142EA00FAC491 /* Debug */ = {
			isa = XCBuildConfiguration;
			buildSettings = {
				ALWAYS_EMBED_SWIFT_STANDARD_LIBRARIES = YES;
				BUNDLE_LOADER = "$(TEST_HOST)";
				CODE_SIGN_STYLE = Automatic;
				INFOPLIST_FILE = "proyecto-xTests/Info.plist";
				IPHONEOS_DEPLOYMENT_TARGET = 14.0;
				LD_RUNPATH_SEARCH_PATHS = (
					"$(inherited)",
					"@executable_path/Frameworks",
					"@loader_path/Frameworks",
				);
				PRODUCT_BUNDLE_IDENTIFIER = "com.proyectox.proyecto-xTests";
				PRODUCT_NAME = "$(TARGET_NAME)";
				SWIFT_VERSION = 5.0;
				TARGETED_DEVICE_FAMILY = "1,2";
				TEST_HOST = "$(BUILT_PRODUCTS_DIR)/proyecto-x.app/proyecto-x";
			};
			name = Debug;
		};
		5F82984D26F142EA00FAC491 /* Release */ = {
			isa = XCBuildConfiguration;
			buildSettings = {
				ALWAYS_EMBED_SWIFT_STANDARD_LIBRARIES = YES;
				BUNDLE_LOADER = "$(TEST_HOST)";
				CODE_SIGN_STYLE = Automatic;
				INFOPLIST_FILE = "proyecto-xTests/Info.plist";
				IPHONEOS_DEPLOYMENT_TARGET = 14.0;
				LD_RUNPATH_SEARCH_PATHS = (
					"$(inherited)",
					"@executable_path/Frameworks",
					"@loader_path/Frameworks",
				);
				PRODUCT_BUNDLE_IDENTIFIER = "com.proyectox.proyecto-xTests";
				PRODUCT_NAME = "$(TARGET_NAME)";
				SWIFT_VERSION = 5.0;
				TARGETED_DEVICE_FAMILY = "1,2";
				TEST_HOST = "$(BUILT_PRODUCTS_DIR)/proyecto-x.app/proyecto-x";
			};
			name = Release;
		};
		5F82984F26F142EA00FAC491 /* Debug */ = {
			isa = XCBuildConfiguration;
			buildSettings = {
				ALWAYS_EMBED_SWIFT_STANDARD_LIBRARIES = YES;
				CODE_SIGN_STYLE = Automatic;
				INFOPLIST_FILE = "proyecto-xUITests/Info.plist";
				LD_RUNPATH_SEARCH_PATHS = (
					"$(inherited)",
					"@executable_path/Frameworks",
					"@loader_path/Frameworks",
				);
				PRODUCT_BUNDLE_IDENTIFIER = "com.proyectox.proyecto-xUITests";
				PRODUCT_NAME = "$(TARGET_NAME)";
				SWIFT_VERSION = 5.0;
				TARGETED_DEVICE_FAMILY = "1,2";
				TEST_TARGET_NAME = "proyecto-x";
			};
			name = Debug;
		};
		5F82985026F142EA00FAC491 /* Release */ = {
			isa = XCBuildConfiguration;
			buildSettings = {
				ALWAYS_EMBED_SWIFT_STANDARD_LIBRARIES = YES;
				CODE_SIGN_STYLE = Automatic;
				INFOPLIST_FILE = "proyecto-xUITests/Info.plist";
				LD_RUNPATH_SEARCH_PATHS = (
					"$(inherited)",
					"@executable_path/Frameworks",
					"@loader_path/Frameworks",
				);
				PRODUCT_BUNDLE_IDENTIFIER = "com.proyectox.proyecto-xUITests";
				PRODUCT_NAME = "$(TARGET_NAME)";
				SWIFT_VERSION = 5.0;
				TARGETED_DEVICE_FAMILY = "1,2";
				TEST_TARGET_NAME = "proyecto-x";
			};
			name = Release;
		};
/* End XCBuildConfiguration section */

/* Begin XCConfigurationList section */
		5F82981E26F142E900FAC491 /* Build configuration list for PBXProject "proyecto-x" */ = {
			isa = XCConfigurationList;
			buildConfigurations = (
				5F82984626F142EA00FAC491 /* Debug */,
				5F82984726F142EA00FAC491 /* Release */,
			);
			defaultConfigurationIsVisible = 0;
			defaultConfigurationName = Release;
		};
		5F82984826F142EA00FAC491 /* Build configuration list for PBXNativeTarget "proyecto-x" */ = {
			isa = XCConfigurationList;
			buildConfigurations = (
				5F82984926F142EA00FAC491 /* Debug */,
				5F82984A26F142EA00FAC491 /* Release */,
			);
			defaultConfigurationIsVisible = 0;
			defaultConfigurationName = Release;
		};
		5F82984B26F142EA00FAC491 /* Build configuration list for PBXNativeTarget "proyecto-xTests" */ = {
			isa = XCConfigurationList;
			buildConfigurations = (
				5F82984C26F142EA00FAC491 /* Debug */,
				5F82984D26F142EA00FAC491 /* Release */,
			);
			defaultConfigurationIsVisible = 0;
			defaultConfigurationName = Release;
		};
		5F82984E26F142EA00FAC491 /* Build configuration list for PBXNativeTarget "proyecto-xUITests" */ = {
			isa = XCConfigurationList;
			buildConfigurations = (
				5F82984F26F142EA00FAC491 /* Debug */,
				5F82985026F142EA00FAC491 /* Release */,
			);
			defaultConfigurationIsVisible = 0;
			defaultConfigurationName = Release;
		};
/* End XCConfigurationList section */
	};
	rootObject = 5F82981B26F142E900FAC491 /* Project object */;
}
