// !$*UTF8*$!
{
	archiveVersion = 1;
	classes = {
	};
	objectVersion = 50;
	objects = {

/* Begin PBXBuildFile section */
		212E1E6F2762A83B0025270C /* BackgroundAsyncImage.swift in Sources */ = {isa = PBXBuildFile; fileRef = 212E1E6E2762A83B0025270C /* BackgroundAsyncImage.swift */; };
		218754EA2790F6E000C9826B /* CorrectSequenceIndicator.swift in Sources */ = {isa = PBXBuildFile; fileRef = 218754E92790F6E000C9826B /* CorrectSequenceIndicator.swift */; };
		21FEB68027B5FCE30002CEAE /* MemoryGameHelperText.swift in Sources */ = {isa = PBXBuildFile; fileRef = 21FEB67F27B5FCE30002CEAE /* MemoryGameHelperText.swift */; };
		5F82982726F142E900FAC491 /* proyecto_xApp.swift in Sources */ = {isa = PBXBuildFile; fileRef = 5F82982626F142E900FAC491 /* proyecto_xApp.swift */; };
		5F82983926F142EA00FAC491 /* proyecto_xTests.swift in Sources */ = {isa = PBXBuildFile; fileRef = 5F82983826F142EA00FAC491 /* proyecto_xTests.swift */; };
		5F82984426F142EA00FAC491 /* proyecto_xUITests.swift in Sources */ = {isa = PBXBuildFile; fileRef = 5F82984326F142EA00FAC491 /* proyecto_xUITests.swift */; };
		5F91CB9F27DA964A009117C2 /* MemoryGameResultModal.swift in Sources */ = {isa = PBXBuildFile; fileRef = 5F91CB9E27DA9649009117C2 /* MemoryGameResultModal.swift */; };
		CE0F39A927EA98EC009FACB3 /* DiccionariesMemoryGame.swift in Sources */ = {isa = PBXBuildFile; fileRef = CE0F39A827EA98EC009FACB3 /* DiccionariesMemoryGame.swift */; };
		CE37BC7027A335ED00BAAEC4 /* CustomModifiersMemory.swift in Sources */ = {isa = PBXBuildFile; fileRef = CE37BC6E27A335ED00BAAEC4 /* CustomModifiersMemory.swift */; };
		CE37BC7127A335ED00BAAEC4 /* MemoryGameCell.swift in Sources */ = {isa = PBXBuildFile; fileRef = CE37BC6F27A335ED00BAAEC4 /* MemoryGameCell.swift */; };
		CE808EE6278E255B0067FCE3 /* MainMenu.swift in Sources */ = {isa = PBXBuildFile; fileRef = CE808EE5278E255B0067FCE3 /* MainMenu.swift */; };
		CE808EF6278E277E0067FCE3 /* ViewModel.swift in Sources */ = {isa = PBXBuildFile; fileRef = CE808EEB278E277E0067FCE3 /* ViewModel.swift */; };
		CE808EF7278E277E0067FCE3 /* Enums.swift in Sources */ = {isa = PBXBuildFile; fileRef = CE808EED278E277E0067FCE3 /* Enums.swift */; };
		CE808EF8278E277E0067FCE3 /* BEComunication.swift in Sources */ = {isa = PBXBuildFile; fileRef = CE808EEE278E277E0067FCE3 /* BEComunication.swift */; };
		CE808EF9278E277E0067FCE3 /* TicTacToeMenu.swift in Sources */ = {isa = PBXBuildFile; fileRef = CE808EF0278E277E0067FCE3 /* TicTacToeMenu.swift */; };
		CE808EFA278E277E0067FCE3 /* Cell.swift in Sources */ = {isa = PBXBuildFile; fileRef = CE808EF1278E277E0067FCE3 /* Cell.swift */; };
		CE808EFB278E277E0067FCE3 /* HelperViews.swift in Sources */ = {isa = PBXBuildFile; fileRef = CE808EF2278E277E0067FCE3 /* HelperViews.swift */; };
		CE808EFC278E277E0067FCE3 /* CustomModifiers.swift in Sources */ = {isa = PBXBuildFile; fileRef = CE808EF3278E277E0067FCE3 /* CustomModifiers.swift */; };
		CE808EFD278E277E0067FCE3 /* VictoryAnimatedLine.swift in Sources */ = {isa = PBXBuildFile; fileRef = CE808EF4278E277E0067FCE3 /* VictoryAnimatedLine.swift */; };
		CE808EFE278E277E0067FCE3 /* MainView.swift in Sources */ = {isa = PBXBuildFile; fileRef = CE808EF5278E277E0067FCE3 /* MainView.swift */; };
		CE808F07278E27950067FCE3 /* ViewModelMemoryGame.swift in Sources */ = {isa = PBXBuildFile; fileRef = CE808F01278E27950067FCE3 /* ViewModelMemoryGame.swift */; };
		CE808F08278E27950067FCE3 /* EnumsMemoryGame.swift in Sources */ = {isa = PBXBuildFile; fileRef = CE808F03278E27950067FCE3 /* EnumsMemoryGame.swift */; };
		CE808F09278E27950067FCE3 /* MenuMemoryGame.swift in Sources */ = {isa = PBXBuildFile; fileRef = CE808F05278E27950067FCE3 /* MenuMemoryGame.swift */; };
		CE808F0A278E27950067FCE3 /* MemoryMainView.swift in Sources */ = {isa = PBXBuildFile; fileRef = CE808F06278E27950067FCE3 /* MemoryMainView.swift */; };
		CE808F0D278E28060067FCE3 /* Preview Assets.xcassets in Resources */ = {isa = PBXBuildFile; fileRef = CE808F0C278E28060067FCE3 /* Preview Assets.xcassets */; };
		CECCD25A278E212400C42020 /* readme.md in Resources */ = {isa = PBXBuildFile; fileRef = CECCD253278E212400C42020 /* readme.md */; };
		CECCD25D278E212400C42020 /* Assets.xcassets in Resources */ = {isa = PBXBuildFile; fileRef = CECCD256278E212400C42020 /* Assets.xcassets */; };
		CECCD25E278E212400C42020 /* RetoScreen.swift in Sources */ = {isa = PBXBuildFile; fileRef = CECCD257278E212400C42020 /* RetoScreen.swift */; };
/* End PBXBuildFile section */

/* Begin PBXContainerItemProxy section */
		5F82983526F142EA00FAC491 /* PBXContainerItemProxy */ = {
			isa = PBXContainerItemProxy;
			containerPortal = 5F82981B26F142E900FAC491 /* Project object */;
			proxyType = 1;
			remoteGlobalIDString = 5F82982226F142E900FAC491;
			remoteInfo = "proyecto-x";
		};
		5F82984026F142EA00FAC491 /* PBXContainerItemProxy */ = {
			isa = PBXContainerItemProxy;
			containerPortal = 5F82981B26F142E900FAC491 /* Project object */;
			proxyType = 1;
			remoteGlobalIDString = 5F82982226F142E900FAC491;
			remoteInfo = "proyecto-x";
		};
/* End PBXContainerItemProxy section */

/* Begin PBXFileReference section */
		212E1E6E2762A83B0025270C /* BackgroundAsyncImage.swift */ = {isa = PBXFileReference; lastKnownFileType = sourcecode.swift; path = BackgroundAsyncImage.swift; sourceTree = "<group>"; };
		218754E92790F6E000C9826B /* CorrectSequenceIndicator.swift */ = {isa = PBXFileReference; lastKnownFileType = sourcecode.swift; path = CorrectSequenceIndicator.swift; sourceTree = "<group>"; };
		21FEB67F27B5FCE30002CEAE /* MemoryGameHelperText.swift */ = {isa = PBXFileReference; lastKnownFileType = sourcecode.swift; path = MemoryGameHelperText.swift; sourceTree = "<group>"; };
		5F82982326F142E900FAC491 /* proyecto-x.app */ = {isa = PBXFileReference; explicitFileType = wrapper.application; includeInIndex = 0; path = "proyecto-x.app"; sourceTree = BUILT_PRODUCTS_DIR; };
		5F82982626F142E900FAC491 /* proyecto_xApp.swift */ = {isa = PBXFileReference; lastKnownFileType = sourcecode.swift; path = proyecto_xApp.swift; sourceTree = "<group>"; };
		5F82982F26F142EA00FAC491 /* Info.plist */ = {isa = PBXFileReference; lastKnownFileType = text.plist.xml; path = Info.plist; sourceTree = "<group>"; };
		5F82983426F142EA00FAC491 /* proyecto-xTests.xctest */ = {isa = PBXFileReference; explicitFileType = wrapper.cfbundle; includeInIndex = 0; path = "proyecto-xTests.xctest"; sourceTree = BUILT_PRODUCTS_DIR; };
		5F82983826F142EA00FAC491 /* proyecto_xTests.swift */ = {isa = PBXFileReference; lastKnownFileType = sourcecode.swift; path = proyecto_xTests.swift; sourceTree = "<group>"; };
		5F82983A26F142EA00FAC491 /* Info.plist */ = {isa = PBXFileReference; lastKnownFileType = text.plist.xml; path = Info.plist; sourceTree = "<group>"; };
		5F82983F26F142EA00FAC491 /* proyecto-xUITests.xctest */ = {isa = PBXFileReference; explicitFileType = wrapper.cfbundle; includeInIndex = 0; path = "proyecto-xUITests.xctest"; sourceTree = BUILT_PRODUCTS_DIR; };
		5F82984326F142EA00FAC491 /* proyecto_xUITests.swift */ = {isa = PBXFileReference; lastKnownFileType = sourcecode.swift; path = proyecto_xUITests.swift; sourceTree = "<group>"; };
		5F82984526F142EA00FAC491 /* Info.plist */ = {isa = PBXFileReference; lastKnownFileType = text.plist.xml; path = Info.plist; sourceTree = "<group>"; };
		5F91CB9E27DA9649009117C2 /* MemoryGameResultModal.swift */ = {isa = PBXFileReference; fileEncoding = 4; lastKnownFileType = sourcecode.swift; path = MemoryGameResultModal.swift; sourceTree = "<group>"; };
		CE0F39A827EA98EC009FACB3 /* DiccionariesMemoryGame.swift */ = {isa = PBXFileReference; lastKnownFileType = sourcecode.swift; path = DiccionariesMemoryGame.swift; sourceTree = "<group>"; };
		CE37BC6E27A335ED00BAAEC4 /* CustomModifiersMemory.swift */ = {isa = PBXFileReference; fileEncoding = 4; lastKnownFileType = sourcecode.swift; path = CustomModifiersMemory.swift; sourceTree = "<group>"; };
		CE37BC6F27A335ED00BAAEC4 /* MemoryGameCell.swift */ = {isa = PBXFileReference; fileEncoding = 4; lastKnownFileType = sourcecode.swift; path = MemoryGameCell.swift; sourceTree = "<group>"; };
		CE808EE5278E255B0067FCE3 /* MainMenu.swift */ = {isa = PBXFileReference; fileEncoding = 4; lastKnownFileType = sourcecode.swift; path = MainMenu.swift; sourceTree = "<group>"; };
		CE808EEB278E277E0067FCE3 /* ViewModel.swift */ = {isa = PBXFileReference; fileEncoding = 4; lastKnownFileType = sourcecode.swift; path = ViewModel.swift; sourceTree = "<group>"; };
		CE808EED278E277E0067FCE3 /* Enums.swift */ = {isa = PBXFileReference; fileEncoding = 4; lastKnownFileType = sourcecode.swift; path = Enums.swift; sourceTree = "<group>"; };
		CE808EEE278E277E0067FCE3 /* BEComunication.swift */ = {isa = PBXFileReference; fileEncoding = 4; lastKnownFileType = sourcecode.swift; path = BEComunication.swift; sourceTree = "<group>"; };
		CE808EF0278E277E0067FCE3 /* TicTacToeMenu.swift */ = {isa = PBXFileReference; fileEncoding = 4; lastKnownFileType = sourcecode.swift; path = TicTacToeMenu.swift; sourceTree = "<group>"; };
		CE808EF1278E277E0067FCE3 /* Cell.swift */ = {isa = PBXFileReference; fileEncoding = 4; lastKnownFileType = sourcecode.swift; path = Cell.swift; sourceTree = "<group>"; };
		CE808EF2278E277E0067FCE3 /* HelperViews.swift */ = {isa = PBXFileReference; fileEncoding = 4; lastKnownFileType = sourcecode.swift; path = HelperViews.swift; sourceTree = "<group>"; };
		CE808EF3278E277E0067FCE3 /* CustomModifiers.swift */ = {isa = PBXFileReference; fileEncoding = 4; lastKnownFileType = sourcecode.swift; path = CustomModifiers.swift; sourceTree = "<group>"; };
		CE808EF4278E277E0067FCE3 /* VictoryAnimatedLine.swift */ = {isa = PBXFileReference; fileEncoding = 4; lastKnownFileType = sourcecode.swift; path = VictoryAnimatedLine.swift; sourceTree = "<group>"; };
		CE808EF5278E277E0067FCE3 /* MainView.swift */ = {isa = PBXFileReference; fileEncoding = 4; lastKnownFileType = sourcecode.swift; path = MainView.swift; sourceTree = "<group>"; };
		CE808F01278E27950067FCE3 /* ViewModelMemoryGame.swift */ = {isa = PBXFileReference; fileEncoding = 4; lastKnownFileType = sourcecode.swift; path = ViewModelMemoryGame.swift; sourceTree = "<group>"; };
		CE808F03278E27950067FCE3 /* EnumsMemoryGame.swift */ = {isa = PBXFileReference; fileEncoding = 4; lastKnownFileType = sourcecode.swift; path = EnumsMemoryGame.swift; sourceTree = "<group>"; };
		CE808F05278E27950067FCE3 /* MenuMemoryGame.swift */ = {isa = PBXFileReference; fileEncoding = 4; lastKnownFileType = sourcecode.swift; path = MenuMemoryGame.swift; sourceTree = "<group>"; };
		CE808F06278E27950067FCE3 /* MemoryMainView.swift */ = {isa = PBXFileReference; fileEncoding = 4; lastKnownFileType = sourcecode.swift; path = MemoryMainView.swift; sourceTree = "<group>"; };
		CE808F0C278E28060067FCE3 /* Preview Assets.xcassets */ = {isa = PBXFileReference; lastKnownFileType = folder.assetcatalog; path = "Preview Assets.xcassets"; sourceTree = "<group>"; };
		CECCD253278E212400C42020 /* readme.md */ = {isa = PBXFileReference; fileEncoding = 4; lastKnownFileType = net.daringfireball.markdown; path = readme.md; sourceTree = "<group>"; };
		CECCD256278E212400C42020 /* Assets.xcassets */ = {isa = PBXFileReference; lastKnownFileType = folder.assetcatalog; path = Assets.xcassets; sourceTree = "<group>"; };
		CECCD257278E212400C42020 /* RetoScreen.swift */ = {isa = PBXFileReference; fileEncoding = 4; lastKnownFileType = sourcecode.swift; path = RetoScreen.swift; sourceTree = "<group>"; };
/* End PBXFileReference section */

/* Begin PBXFrameworksBuildPhase section */
		5F82982026F142E900FAC491 /* Frameworks */ = {
			isa = PBXFrameworksBuildPhase;
			buildActionMask = 2147483647;
			files = (
			);
			runOnlyForDeploymentPostprocessing = 0;
		};
		5F82983126F142EA00FAC491 /* Frameworks */ = {
			isa = PBXFrameworksBuildPhase;
			buildActionMask = 2147483647;
			files = (
			);
			runOnlyForDeploymentPostprocessing = 0;
		};
		5F82983C26F142EA00FAC491 /* Frameworks */ = {
			isa = PBXFrameworksBuildPhase;
			buildActionMask = 2147483647;
			files = (
			);
			runOnlyForDeploymentPostprocessing = 0;
		};
/* End PBXFrameworksBuildPhase section */

/* Begin PBXGroup section */
		5F82981A26F142E900FAC491 = {
			isa = PBXGroup;
			children = (
				212E1E6E2762A83B0025270C /* BackgroundAsyncImage.swift */,
				5F82982526F142E900FAC491 /* proyecto-x */,
				5F82983726F142EA00FAC491 /* proyecto-xTests */,
				5F82984226F142EA00FAC491 /* proyecto-xUITests */,
				5F82982426F142E900FAC491 /* Products */,
			);
			sourceTree = "<group>";
		};
		5F82982426F142E900FAC491 /* Products */ = {
			isa = PBXGroup;
			children = (
				5F82982326F142E900FAC491 /* proyecto-x.app */,
				5F82983426F142EA00FAC491 /* proyecto-xTests.xctest */,
				5F82983F26F142EA00FAC491 /* proyecto-xUITests.xctest */,
			);
			name = Products;
			sourceTree = "<group>";
		};
		5F82982526F142E900FAC491 /* proyecto-x */ = {
			isa = PBXGroup;
			children = (
				CE808F0B278E28060067FCE3 /* Preview Content */,
				CE808EFF278E27950067FCE3 /* MemoryGame */,
				CE808EE9278E277E0067FCE3 /* TicTacToe */,
				CE808EE5278E255B0067FCE3 /* MainMenu.swift */,
				5F82982626F142E900FAC491 /* proyecto_xApp.swift */,
				CECCD253278E212400C42020 /* readme.md */,
				CECCD257278E212400C42020 /* RetoScreen.swift */,
				CECCD256278E212400C42020 /* Assets.xcassets */,
				5F82982F26F142EA00FAC491 /* Info.plist */,
			);
			path = "proyecto-x";
			sourceTree = "<group>";
		};
		5F82983726F142EA00FAC491 /* proyecto-xTests */ = {
			isa = PBXGroup;
			children = (
				5F82983826F142EA00FAC491 /* proyecto_xTests.swift */,
				5F82983A26F142EA00FAC491 /* Info.plist */,
			);
			path = "proyecto-xTests";
			sourceTree = "<group>";
		};
		5F82984226F142EA00FAC491 /* proyecto-xUITests */ = {
			isa = PBXGroup;
			children = (
				5F82984326F142EA00FAC491 /* proyecto_xUITests.swift */,
				5F82984526F142EA00FAC491 /* Info.plist */,
			);
			path = "proyecto-xUITests";
			sourceTree = "<group>";
		};
		CE808EE9278E277E0067FCE3 /* TicTacToe */ = {
			isa = PBXGroup;
			children = (
				CE808EEA278E277E0067FCE3 /* ViewModel */,
				CE808EEC278E277E0067FCE3 /* Model */,
				CE808EEF278E277E0067FCE3 /* View */,
			);
			path = TicTacToe;
			sourceTree = "<group>";
		};
		CE808EEA278E277E0067FCE3 /* ViewModel */ = {
			isa = PBXGroup;
			children = (
				CE808EEB278E277E0067FCE3 /* ViewModel.swift */,
			);
			path = ViewModel;
			sourceTree = "<group>";
		};
		CE808EEC278E277E0067FCE3 /* Model */ = {
			isa = PBXGroup;
			children = (
				CE808EED278E277E0067FCE3 /* Enums.swift */,
				CE808EEE278E277E0067FCE3 /* BEComunication.swift */,
			);
			path = Model;
			sourceTree = "<group>";
		};
		CE808EEF278E277E0067FCE3 /* View */ = {
			isa = PBXGroup;
			children = (
				CE808EF0278E277E0067FCE3 /* TicTacToeMenu.swift */,
				CE808EF1278E277E0067FCE3 /* Cell.swift */,
				CE808EF2278E277E0067FCE3 /* HelperViews.swift */,
				CE808EF3278E277E0067FCE3 /* CustomModifiers.swift */,
				CE808EF4278E277E0067FCE3 /* VictoryAnimatedLine.swift */,
				CE808EF5278E277E0067FCE3 /* MainView.swift */,
			);
			path = View;
			sourceTree = "<group>";
		};
		CE808EFF278E27950067FCE3 /* MemoryGame */ = {
			isa = PBXGroup;
			children = (
				CE808F00278E27950067FCE3 /* ViewModel */,
				CE808F02278E27950067FCE3 /* Model */,
				CE808F04278E27950067FCE3 /* View */,
			);
			path = MemoryGame;
			sourceTree = "<group>";
		};
		CE808F00278E27950067FCE3 /* ViewModel */ = {
			isa = PBXGroup;
			children = (
				CE808F01278E27950067FCE3 /* ViewModelMemoryGame.swift */,
			);
			path = ViewModel;
			sourceTree = "<group>";
		};
		CE808F02278E27950067FCE3 /* Model */ = {
			isa = PBXGroup;
			children = (
				CE808F03278E27950067FCE3 /* EnumsMemoryGame.swift */,
				CE0F39A827EA98EC009FACB3 /* DiccionariesMemoryGame.swift */,
			);
			path = Model;
			sourceTree = "<group>";
		};
		CE808F04278E27950067FCE3 /* View */ = {
			isa = PBXGroup;
			children = (
				5F91CB9E27DA9649009117C2 /* MemoryGameResultModal.swift */,
				CE808F05278E27950067FCE3 /* MenuMemoryGame.swift */,
				CE37BC6E27A335ED00BAAEC4 /* CustomModifiersMemory.swift */,
				CE808F06278E27950067FCE3 /* MemoryMainView.swift */,
				CE37BC6F27A335ED00BAAEC4 /* MemoryGameCell.swift */,
				218754E92790F6E000C9826B /* CorrectSequenceIndicator.swift */,
				21FEB67F27B5FCE30002CEAE /* MemoryGameHelperText.swift */,
			);
			path = View;
			sourceTree = "<group>";
		};
		CE808F0B278E28060067FCE3 /* Preview Content */ = {
			isa = PBXGroup;
			children = (
				CE808F0C278E28060067FCE3 /* Preview Assets.xcassets */,
			);
			path = "Preview Content";
			sourceTree = "<group>";
		};
/* End PBXGroup section */

/* Begin PBXNativeTarget section */
		5F82982226F142E900FAC491 /* proyecto-x */ = {
			isa = PBXNativeTarget;
			buildConfigurationList = 5F82984826F142EA00FAC491 /* Build configuration list for PBXNativeTarget "proyecto-x" */;
			buildPhases = (
				5F82981F26F142E900FAC491 /* Sources */,
				5F82982026F142E900FAC491 /* Frameworks */,
				5F82982126F142E900FAC491 /* Resources */,
			);
			buildRules = (
			);
			dependencies = (
			);
			name = "proyecto-x";
			productName = "proyecto-x";
			productReference = 5F82982326F142E900FAC491 /* proyecto-x.app */;
			productType = "com.apple.product-type.application";
		};
		5F82983326F142EA00FAC491 /* proyecto-xTests */ = {
			isa = PBXNativeTarget;
			buildConfigurationList = 5F82984B26F142EA00FAC491 /* Build configuration list for PBXNativeTarget "proyecto-xTests" */;
			buildPhases = (
				5F82983026F142EA00FAC491 /* Sources */,
				5F82983126F142EA00FAC491 /* Frameworks */,
				5F82983226F142EA00FAC491 /* Resources */,
			);
			buildRules = (
			);
			dependencies = (
				5F82983626F142EA00FAC491 /* PBXTargetDependency */,
			);
			name = "proyecto-xTests";
			productName = "proyecto-xTests";
			productReference = 5F82983426F142EA00FAC491 /* proyecto-xTests.xctest */;
			productType = "com.apple.product-type.bundle.unit-test";
		};
		5F82983E26F142EA00FAC491 /* proyecto-xUITests */ = {
			isa = PBXNativeTarget;
			buildConfigurationList = 5F82984E26F142EA00FAC491 /* Build configuration list for PBXNativeTarget "proyecto-xUITests" */;
			buildPhases = (
				5F82983B26F142EA00FAC491 /* Sources */,
				5F82983C26F142EA00FAC491 /* Frameworks */,
				5F82983D26F142EA00FAC491 /* Resources */,
			);
			buildRules = (
			);
			dependencies = (
				5F82984126F142EA00FAC491 /* PBXTargetDependency */,
			);
			name = "proyecto-xUITests";
			productName = "proyecto-xUITests";
			productReference = 5F82983F26F142EA00FAC491 /* proyecto-xUITests.xctest */;
			productType = "com.apple.product-type.bundle.ui-testing";
		};
/* End PBXNativeTarget section */

/* Begin PBXProject section */
		5F82981B26F142E900FAC491 /* Project object */ = {
			isa = PBXProject;
			attributes = {
				LastSwiftUpdateCheck = 1240;
				LastUpgradeCheck = 1240;
				TargetAttributes = {
					5F82982226F142E900FAC491 = {
						CreatedOnToolsVersion = 12.4;
					};
					5F82983326F142EA00FAC491 = {
						CreatedOnToolsVersion = 12.4;
						TestTargetID = 5F82982226F142E900FAC491;
					};
					5F82983E26F142EA00FAC491 = {
						CreatedOnToolsVersion = 12.4;
						TestTargetID = 5F82982226F142E900FAC491;
					};
				};
			};
			buildConfigurationList = 5F82981E26F142E900FAC491 /* Build configuration list for PBXProject "proyecto-x" */;
			compatibilityVersion = "Xcode 9.3";
			developmentRegion = en;
			hasScannedForEncodings = 0;
			knownRegions = (
				en,
				Base,
			);
			mainGroup = 5F82981A26F142E900FAC491;
			productRefGroup = 5F82982426F142E900FAC491 /* Products */;
			projectDirPath = "";
			projectRoot = "";
			targets = (
				5F82982226F142E900FAC491 /* proyecto-x */,
				5F82983326F142EA00FAC491 /* proyecto-xTests */,
				5F82983E26F142EA00FAC491 /* proyecto-xUITests */,
			);
		};
/* End PBXProject section */

/* Begin PBXResourcesBuildPhase section */
		5F82982126F142E900FAC491 /* Resources */ = {
			isa = PBXResourcesBuildPhase;
			buildActionMask = 2147483647;
			files = (
				CE808F0D278E28060067FCE3 /* Preview Assets.xcassets in Resources */,
				CECCD25A278E212400C42020 /* readme.md in Resources */,
				CECCD25D278E212400C42020 /* Assets.xcassets in Resources */,
			);
			runOnlyForDeploymentPostprocessing = 0;
		};
		5F82983226F142EA00FAC491 /* Resources */ = {
			isa = PBXResourcesBuildPhase;
			buildActionMask = 2147483647;
			files = (
			);
			runOnlyForDeploymentPostprocessing = 0;
		};
		5F82983D26F142EA00FAC491 /* Resources */ = {
			isa = PBXResourcesBuildPhase;
			buildActionMask = 2147483647;
			files = (
			);
			runOnlyForDeploymentPostprocessing = 0;
		};
/* End PBXResourcesBuildPhase section */

/* Begin PBXSourcesBuildPhase section */
		5F82981F26F142E900FAC491 /* Sources */ = {
			isa = PBXSourcesBuildPhase;
			buildActionMask = 2147483647;
			files = (
				CE37BC7027A335ED00BAAEC4 /* CustomModifiersMemory.swift in Sources */,
				CE808EF6278E277E0067FCE3 /* ViewModel.swift in Sources */,
				218754EA2790F6E000C9826B /* CorrectSequenceIndicator.swift in Sources */,
				CE808EFE278E277E0067FCE3 /* MainView.swift in Sources */,
				5F82982726F142E900FAC491 /* proyecto_xApp.swift in Sources */,
				5F91CB9F27DA964A009117C2 /* MemoryGameResultModal.swift in Sources */,
				CE0F39A927EA98EC009FACB3 /* DiccionariesMemoryGame.swift in Sources */,
				CE808F07278E27950067FCE3 /* ViewModelMemoryGame.swift in Sources */,
				212E1E6F2762A83B0025270C /* BackgroundAsyncImage.swift in Sources */,
				CE808EF9278E277E0067FCE3 /* TicTacToeMenu.swift in Sources */,
				CECCD25E278E212400C42020 /* RetoScreen.swift in Sources */,
				CE808F0A278E27950067FCE3 /* MemoryMainView.swift in Sources */,
				CE808F09278E27950067FCE3 /* MenuMemoryGame.swift in Sources */,
				CE808EFA278E277E0067FCE3 /* Cell.swift in Sources */,
				CE808EF7278E277E0067FCE3 /* Enums.swift in Sources */,
				CE37BC7127A335ED00BAAEC4 /* MemoryGameCell.swift in Sources */,
				21FEB68027B5FCE30002CEAE /* MemoryGameHelperText.swift in Sources */,
				CE808EFD278E277E0067FCE3 /* VictoryAnimatedLine.swift in Sources */,
				CE808EE6278E255B0067FCE3 /* MainMenu.swift in Sources */,
				CE808EFB278E277E0067FCE3 /* HelperViews.swift in Sources */,
				CE808EFC278E277E0067FCE3 /* CustomModifiers.swift in Sources */,
				CE808F08278E27950067FCE3 /* EnumsMemoryGame.swift in Sources */,
				CE808EF8278E277E0067FCE3 /* BEComunication.swift in Sources */,
			);
			runOnlyForDeploymentPostprocessing = 0;
		};
		5F82983026F142EA00FAC491 /* Sources */ = {
			isa = PBXSourcesBuildPhase;
			buildActionMask = 2147483647;
			files = (
				5F82983926F142EA00FAC491 /* proyecto_xTests.swift in Sources */,
			);
			runOnlyForDeploymentPostprocessing = 0;
		};
		5F82983B26F142EA00FAC491 /* Sources */ = {
			isa = PBXSourcesBuildPhase;
			buildActionMask = 2147483647;
			files = (
				5F82984426F142EA00FAC491 /* proyecto_xUITests.swift in Sources */,
			);
			runOnlyForDeploymentPostprocessing = 0;
		};
/* End PBXSourcesBuildPhase section */

/* Begin PBXTargetDependency section */
		5F82983626F142EA00FAC491 /* PBXTargetDependency */ = {
			isa = PBXTargetDependency;
			target = 5F82982226F142E900FAC491 /* proyecto-x */;
			targetProxy = 5F82983526F142EA00FAC491 /* PBXContainerItemProxy */;
		};
		5F82984126F142EA00FAC491 /* PBXTargetDependency */ = {
			isa = PBXTargetDependency;
			target = 5F82982226F142E900FAC491 /* proyecto-x */;
			targetProxy = 5F82984026F142EA00FAC491 /* PBXContainerItemProxy */;
		};
/* End PBXTargetDependency section */

/* Begin XCBuildConfiguration section */
		5F82984626F142EA00FAC491 /* Debug */ = {
			isa = XCBuildConfiguration;
			buildSettings = {
				ALWAYS_SEARCH_USER_PATHS = NO;
				CLANG_ANALYZER_NONNULL = YES;
				CLANG_ANALYZER_NUMBER_OBJECT_CONVERSION = YES_AGGRESSIVE;
				CLANG_CXX_LANGUAGE_STANDARD = "gnu++14";
				CLANG_CXX_LIBRARY = "libc++";
				CLANG_ENABLE_MODULES = YES;
				CLANG_ENABLE_OBJC_ARC = YES;
				CLANG_ENABLE_OBJC_WEAK = YES;
				CLANG_WARN_BLOCK_CAPTURE_AUTORELEASING = YES;
				CLANG_WARN_BOOL_CONVERSION = YES;
				CLANG_WARN_COMMA = YES;
				CLANG_WARN_CONSTANT_CONVERSION = YES;
				CLANG_WARN_DEPRECATED_OBJC_IMPLEMENTATIONS = YES;
				CLANG_WARN_DIRECT_OBJC_ISA_USAGE = YES_ERROR;
				CLANG_WARN_DOCUMENTATION_COMMENTS = YES;
				CLANG_WARN_EMPTY_BODY = YES;
				CLANG_WARN_ENUM_CONVERSION = YES;
				CLANG_WARN_INFINITE_RECURSION = YES;
				CLANG_WARN_INT_CONVERSION = YES;
				CLANG_WARN_NON_LITERAL_NULL_CONVERSION = YES;
				CLANG_WARN_OBJC_IMPLICIT_RETAIN_SELF = YES;
				CLANG_WARN_OBJC_LITERAL_CONVERSION = YES;
				CLANG_WARN_OBJC_ROOT_CLASS = YES_ERROR;
				CLANG_WARN_QUOTED_INCLUDE_IN_FRAMEWORK_HEADER = YES;
				CLANG_WARN_RANGE_LOOP_ANALYSIS = YES;
				CLANG_WARN_STRICT_PROTOTYPES = YES;
				CLANG_WARN_SUSPICIOUS_MOVE = YES;
				CLANG_WARN_UNGUARDED_AVAILABILITY = YES_AGGRESSIVE;
				CLANG_WARN_UNREACHABLE_CODE = YES;
				CLANG_WARN__DUPLICATE_METHOD_MATCH = YES;
				COPY_PHASE_STRIP = NO;
				DEBUG_INFORMATION_FORMAT = dwarf;
				ENABLE_STRICT_OBJC_MSGSEND = YES;
				ENABLE_TESTABILITY = YES;
				GCC_C_LANGUAGE_STANDARD = gnu11;
				GCC_DYNAMIC_NO_PIC = NO;
				GCC_NO_COMMON_BLOCKS = YES;
				GCC_OPTIMIZATION_LEVEL = 0;
				GCC_PREPROCESSOR_DEFINITIONS = (
					"DEBUG=1",
					"$(inherited)",
				);
				GCC_WARN_64_TO_32_BIT_CONVERSION = YES;
				GCC_WARN_ABOUT_RETURN_TYPE = YES_ERROR;
				GCC_WARN_UNDECLARED_SELECTOR = YES;
				GCC_WARN_UNINITIALIZED_AUTOS = YES_AGGRESSIVE;
				GCC_WARN_UNUSED_FUNCTION = YES;
				GCC_WARN_UNUSED_VARIABLE = YES;
				IPHONEOS_DEPLOYMENT_TARGET = 14.4;
				MTL_ENABLE_DEBUG_INFO = INCLUDE_SOURCE;
				MTL_FAST_MATH = YES;
				ONLY_ACTIVE_ARCH = YES;
				SDKROOT = iphoneos;
				SWIFT_ACTIVE_COMPILATION_CONDITIONS = DEBUG;
				SWIFT_OPTIMIZATION_LEVEL = "-Onone";
			};
			name = Debug;
		};
		5F82984726F142EA00FAC491 /* Release */ = {
			isa = XCBuildConfiguration;
			buildSettings = {
				ALWAYS_SEARCH_USER_PATHS = NO;
				CLANG_ANALYZER_NONNULL = YES;
				CLANG_ANALYZER_NUMBER_OBJECT_CONVERSION = YES_AGGRESSIVE;
				CLANG_CXX_LANGUAGE_STANDARD = "gnu++14";
				CLANG_CXX_LIBRARY = "libc++";
				CLANG_ENABLE_MODULES = YES;
				CLANG_ENABLE_OBJC_ARC = YES;
				CLANG_ENABLE_OBJC_WEAK = YES;
				CLANG_WARN_BLOCK_CAPTURE_AUTORELEASING = YES;
				CLANG_WARN_BOOL_CONVERSION = YES;
				CLANG_WARN_COMMA = YES;
				CLANG_WARN_CONSTANT_CONVERSION = YES;
				CLANG_WARN_DEPRECATED_OBJC_IMPLEMENTATIONS = YES;
				CLANG_WARN_DIRECT_OBJC_ISA_USAGE = YES_ERROR;
				CLANG_WARN_DOCUMENTATION_COMMENTS = YES;
				CLANG_WARN_EMPTY_BODY = YES;
				CLANG_WARN_ENUM_CONVERSION = YES;
				CLANG_WARN_INFINITE_RECURSION = YES;
				CLANG_WARN_INT_CONVERSION = YES;
				CLANG_WARN_NON_LITERAL_NULL_CONVERSION = YES;
				CLANG_WARN_OBJC_IMPLICIT_RETAIN_SELF = YES;
				CLANG_WARN_OBJC_LITERAL_CONVERSION = YES;
				CLANG_WARN_OBJC_ROOT_CLASS = YES_ERROR;
				CLANG_WARN_QUOTED_INCLUDE_IN_FRAMEWORK_HEADER = YES;
				CLANG_WARN_RANGE_LOOP_ANALYSIS = YES;
				CLANG_WARN_STRICT_PROTOTYPES = YES;
				CLANG_WARN_SUSPICIOUS_MOVE = YES;
				CLANG_WARN_UNGUARDED_AVAILABILITY = YES_AGGRESSIVE;
				CLANG_WARN_UNREACHABLE_CODE = YES;
				CLANG_WARN__DUPLICATE_METHOD_MATCH = YES;
				COPY_PHASE_STRIP = NO;
				DEBUG_INFORMATION_FORMAT = "dwarf-with-dsym";
				ENABLE_NS_ASSERTIONS = NO;
				ENABLE_STRICT_OBJC_MSGSEND = YES;
				GCC_C_LANGUAGE_STANDARD = gnu11;
				GCC_NO_COMMON_BLOCKS = YES;
				GCC_WARN_64_TO_32_BIT_CONVERSION = YES;
				GCC_WARN_ABOUT_RETURN_TYPE = YES_ERROR;
				GCC_WARN_UNDECLARED_SELECTOR = YES;
				GCC_WARN_UNINITIALIZED_AUTOS = YES_AGGRESSIVE;
				GCC_WARN_UNUSED_FUNCTION = YES;
				GCC_WARN_UNUSED_VARIABLE = YES;
				IPHONEOS_DEPLOYMENT_TARGET = 14.4;
				MTL_ENABLE_DEBUG_INFO = NO;
				MTL_FAST_MATH = YES;
				SDKROOT = iphoneos;
				SWIFT_COMPILATION_MODE = wholemodule;
				SWIFT_OPTIMIZATION_LEVEL = "-O";
				VALIDATE_PRODUCT = YES;
			};
			name = Release;
		};
		5F82984926F142EA00FAC491 /* Debug */ = {
			isa = XCBuildConfiguration;
			buildSettings = {
				ASSETCATALOG_COMPILER_APPICON_NAME = AppIcon;
				ASSETCATALOG_COMPILER_GLOBAL_ACCENT_COLOR_NAME = AccentColor;
				CODE_SIGN_STYLE = Automatic;
				DEVELOPMENT_ASSET_PATHS = "\"proyecto-x/Preview Content\"";
				ENABLE_PREVIEWS = YES;
				INFOPLIST_FILE = "proyecto-x/Info.plist";
				IPHONEOS_DEPLOYMENT_TARGET = 14.0;
				LD_RUNPATH_SEARCH_PATHS = (
					"$(inherited)",
					"@executable_path/Frameworks",
				);
				PRODUCT_BUNDLE_IDENTIFIER = "com.proyectox.proyecto-x";
				PRODUCT_NAME = "$(TARGET_NAME)";
				SWIFT_VERSION = 5.0;
				TARGETED_DEVICE_FAMILY = "1,2";
			};
			name = Debug;
		};
		5F82984A26F142EA00FAC491 /* Release */ = {
			isa = XCBuildConfiguration;
			buildSettings = {
				ASSETCATALOG_COMPILER_APPICON_NAME = AppIcon;
				ASSETCATALOG_COMPILER_GLOBAL_ACCENT_COLOR_NAME = AccentColor;
				CODE_SIGN_STYLE = Automatic;
				DEVELOPMENT_ASSET_PATHS = "\"proyecto-x/Preview Content\"";
				ENABLE_PREVIEWS = YES;
				INFOPLIST_FILE = "proyecto-x/Info.plist";
				IPHONEOS_DEPLOYMENT_TARGET = 14.0;
				LD_RUNPATH_SEARCH_PATHS = (
					"$(inherited)",
					"@executable_path/Frameworks",
				);
				PRODUCT_BUNDLE_IDENTIFIER = "com.proyectox.proyecto-x";
				PRODUCT_NAME = "$(TARGET_NAME)";
				SWIFT_VERSION = 5.0;
				TARGETED_DEVICE_FAMILY = "1,2";
			};
			name = Release;
		};
		5F82984C26F142EA00FAC491 /* Debug */ = {
			isa = XCBuildConfiguration;
			buildSettings = {
				ALWAYS_EMBED_SWIFT_STANDARD_LIBRARIES = YES;
				BUNDLE_LOADER = "$(TEST_HOST)";
				CODE_SIGN_STYLE = Automatic;
				INFOPLIST_FILE = "proyecto-xTests/Info.plist";
				IPHONEOS_DEPLOYMENT_TARGET = 14.0;
				LD_RUNPATH_SEARCH_PATHS = (
					"$(inherited)",
					"@executable_path/Frameworks",
					"@loader_path/Frameworks",
				);
				PRODUCT_BUNDLE_IDENTIFIER = "com.proyectox.proyecto-xTests";
				PRODUCT_NAME = "$(TARGET_NAME)";
				SWIFT_VERSION = 5.0;
				TARGETED_DEVICE_FAMILY = "1,2";
				TEST_HOST = "$(BUILT_PRODUCTS_DIR)/proyecto-x.app/proyecto-x";
			};
			name = Debug;
		};
		5F82984D26F142EA00FAC491 /* Release */ = {
			isa = XCBuildConfiguration;
			buildSettings = {
				ALWAYS_EMBED_SWIFT_STANDARD_LIBRARIES = YES;
				BUNDLE_LOADER = "$(TEST_HOST)";
				CODE_SIGN_STYLE = Automatic;
				INFOPLIST_FILE = "proyecto-xTests/Info.plist";
				IPHONEOS_DEPLOYMENT_TARGET = 14.0;
				LD_RUNPATH_SEARCH_PATHS = (
					"$(inherited)",
					"@executable_path/Frameworks",
					"@loader_path/Frameworks",
				);
				PRODUCT_BUNDLE_IDENTIFIER = "com.proyectox.proyecto-xTests";
				PRODUCT_NAME = "$(TARGET_NAME)";
				SWIFT_VERSION = 5.0;
				TARGETED_DEVICE_FAMILY = "1,2";
				TEST_HOST = "$(BUILT_PRODUCTS_DIR)/proyecto-x.app/proyecto-x";
			};
			name = Release;
		};
		5F82984F26F142EA00FAC491 /* Debug */ = {
			isa = XCBuildConfiguration;
			buildSettings = {
				ALWAYS_EMBED_SWIFT_STANDARD_LIBRARIES = YES;
				CODE_SIGN_STYLE = Automatic;
				INFOPLIST_FILE = "proyecto-xUITests/Info.plist";
				LD_RUNPATH_SEARCH_PATHS = (
					"$(inherited)",
					"@executable_path/Frameworks",
					"@loader_path/Frameworks",
				);
				PRODUCT_BUNDLE_IDENTIFIER = "com.proyectox.proyecto-xUITests";
				PRODUCT_NAME = "$(TARGET_NAME)";
				SWIFT_VERSION = 5.0;
				TARGETED_DEVICE_FAMILY = "1,2";
				TEST_TARGET_NAME = "proyecto-x";
			};
			name = Debug;
		};
		5F82985026F142EA00FAC491 /* Release */ = {
			isa = XCBuildConfiguration;
			buildSettings = {
				ALWAYS_EMBED_SWIFT_STANDARD_LIBRARIES = YES;
				CODE_SIGN_STYLE = Automatic;
				INFOPLIST_FILE = "proyecto-xUITests/Info.plist";
				LD_RUNPATH_SEARCH_PATHS = (
					"$(inherited)",
					"@executable_path/Frameworks",
					"@loader_path/Frameworks",
				);
				PRODUCT_BUNDLE_IDENTIFIER = "com.proyectox.proyecto-xUITests";
				PRODUCT_NAME = "$(TARGET_NAME)";
				SWIFT_VERSION = 5.0;
				TARGETED_DEVICE_FAMILY = "1,2";
				TEST_TARGET_NAME = "proyecto-x";
			};
			name = Release;
		};
/* End XCBuildConfiguration section */

/* Begin XCConfigurationList section */
		5F82981E26F142E900FAC491 /* Build configuration list for PBXProject "proyecto-x" */ = {
			isa = XCConfigurationList;
			buildConfigurations = (
				5F82984626F142EA00FAC491 /* Debug */,
				5F82984726F142EA00FAC491 /* Release */,
			);
			defaultConfigurationIsVisible = 0;
			defaultConfigurationName = Release;
		};
		5F82984826F142EA00FAC491 /* Build configuration list for PBXNativeTarget "proyecto-x" */ = {
			isa = XCConfigurationList;
			buildConfigurations = (
				5F82984926F142EA00FAC491 /* Debug */,
				5F82984A26F142EA00FAC491 /* Release */,
			);
			defaultConfigurationIsVisible = 0;
			defaultConfigurationName = Release;
		};
		5F82984B26F142EA00FAC491 /* Build configuration list for PBXNativeTarget "proyecto-xTests" */ = {
			isa = XCConfigurationList;
			buildConfigurations = (
				5F82984C26F142EA00FAC491 /* Debug */,
				5F82984D26F142EA00FAC491 /* Release */,
			);
			defaultConfigurationIsVisible = 0;
			defaultConfigurationName = Release;
		};
		5F82984E26F142EA00FAC491 /* Build configuration list for PBXNativeTarget "proyecto-xUITests" */ = {
			isa = XCConfigurationList;
			buildConfigurations = (
				5F82984F26F142EA00FAC491 /* Debug */,
				5F82985026F142EA00FAC491 /* Release */,
			);
			defaultConfigurationIsVisible = 0;
			defaultConfigurationName = Release;
		};
/* End XCConfigurationList section */
	};
	rootObject = 5F82981B26F142E900FAC491 /* Project object */;
}
